# This file is automatically @generated by Cargo.
# It is not intended for manual editing.
version = 4

[[package]]
name = "gw-test-support"
version = "0.1.0"

[[package]]
name = "gw-types"
version = "0.1.0"

[[package]]
name = "gw-wire"
version = "0.1.0"
dependencies = [
 "gw-types",
]

[[package]]
name = "gwcomp-core"
version = "0.1.0"
dependencies = [
 "gw-types",
]

[[package]]
name = "xtask"
version = "0.1.0"
