# This file is automatically @generated by Cargo.
# It is not intended for manual editing.
version = 4

[[package]]
name = "glasswyrm-core"
version = "0.2.0"

[[package]]
name = "glasswyrm-x11"
version = "0.2.0"

[[package]]
name = "glasswyrmd"
version = "0.2.0"
dependencies = [
 "glasswyrm-core",
 "glasswyrm-x11",
]

[[package]]
name = "gw-ipc"
version = "0.2.0"
dependencies = [
 "gw-sys",
 "gw-types",
 "gw-wire",
]

[[package]]
name = "gw-ipc-capi"
version = "0.1.0"

[[package]]
name = "gw-platform-linux"
version = "0.2.0"
dependencies = [
 "gw-sys",
]

[[package]]
name = "gw-sys"
version = "0.2.0"

[[package]]
name = "gw-test-support"
version = "0.1.0"

[[package]]
name = "gw-tools"
version = "0.2.0"
dependencies = [
 "gw-ipc",
 "gw-types",
 "gw-wire",
]

[[package]]
name = "gw-transition-tests"
version = "0.2.0"
dependencies = [
 "gw-ipc",
 "gw-test-support",
 "gw-types",
 "gw-wire",
]

[[package]]
name = "gw-types"
version = "0.1.0"

[[package]]
name = "gw-wire"
version = "0.1.0"
dependencies = [
 "gw-types",
]

[[package]]
name = "gwcomp"
version = "0.2.0"
dependencies = [
 "gw-ipc",
 "gw-platform-linux",
 "gw-types",
 "gw-wire",
 "gwcomp-core",
]

[[package]]
name = "gwcomp-core"
version = "0.2.0"
dependencies = [
 "gw-types",
]

[[package]]
name = "gwm"
version = "0.2.0"
dependencies = [
 "gw-ipc",
 "gw-types",
 "gw-wire",
 "gwm-core",
]

[[package]]
name = "gwm-core"
version = "0.2.0"
dependencies = [
 "gw-types",
]

[[package]]
name = "xtask"
version = "0.1.0"
